
Microsoft Visual Studio Solution File, Format Version 12.00
# Visual Studio Version 17
VisualStudioVersion = 17.2.32630.192
MinimumVisualStudioVersion = 10.0.40219.1
Project("{FAE04EC0-301F-11D3-BF4B-00C04F79EFBC}") = "moodle_question_exporter", "moodle_question_exporter.csproj", "{7EA6C2C6-5B2A-4F60-A818-F6E9F7245506}"
EndProject
Global
	GlobalSection(SolutionConfigurationPlatforms) = preSolution
		Debug|Any CPU = Debug|Any CPU
		Release|Any CPU = Release|Any CPU
	EndGlobalSection
	GlobalSection(ProjectConfigurationPlatforms) = postSolution
		{7EA6C2C6-5B2A-4F60-A818-F6E9F7245506}.Debug|Any CPU.ActiveCfg = Debug|Any CPU
		{7EA6C2C6-5B2A-4F60-A818-F6E9F7245506}.Debug|Any CPU.Build.0 = Debug|Any CPU
		{7EA6C2C6-5B2A-4F60-A818-F6E9F7245506}.Release|Any CPU.ActiveCfg = Release|Any CPU
		{7EA6C2C6-5B2A-4F60-A818-F6E9F7245506}.Release|Any CPU.Build.0 = Release|Any CPU
	EndGlobalSection
	GlobalSection(SolutionProperties) = preSolution
		HideSolutionNode = FALSE
	EndGlobalSection
	GlobalSection(ExtensibilityGlobals) = postSolution
		SolutionGuid = {9E1C28AE-3E09-4691-A6B4-084D99810F4E}
	EndGlobalSection
EndGlobal
